{
  "version": 4,
  "terraform_version": "0.14.4",
  "serial": 3,
  "lineage": "4f549015-8d51-d666-458a-165737eceba6",
  "outputs": {},
  "resources": [
    {
      "mode": "managed",
      "type": "tencentcloud_clb_instance",
      "name": "internal_clb",
      "provider": "provider[\"registry.terraform.io/tencentcloudstack/tencentcloud\"]",
      "instances": [
        {
          "schema_version": 0,
          "attributes": {
            "clb_name": "myclb",
            "clb_vips": [
              "150.158.220.97"
            ],
            "id": "lb-ibaiklez",
            "network_type": "OPEN",
            "project_id": 0,
            "security_groups": null,
            "subnet_id": "",
            "tags": {
              "test": "tf"
            },
            "target_region_info_region": "ap-shanghai",
            "target_region_info_vpc_id": "vpc-1uk8i3gk",
            "vpc_id": "vpc-1uk8i3gk"
          },
          "sensitive_attributes": [],
          "private": "bnVsbA=="
        }
      ]
    }
  ]
}
